
Microsoft Visual Studio Solution File, Format Version 12.00
# Visual Studio Version 17
VisualStudioVersion = 17.14.36221.1 d17.14
MinimumVisualStudioVersion = 10.0.40219.1
Project("{FAE04EC0-301F-11D3-BF4B-00C04F79EFBC}") = "MiniCaixaEletronicoMVC", "MiniCaixaEletronicoMVC\MiniCaixaEletronicoMVC.csproj", "{92F2A0F3-4171-4FE4-96B6-A2D2D453A3F6}"
EndProject
Global
	GlobalSection(SolutionConfigurationPlatforms) = preSolution
		Debug|Any CPU = Debug|Any CPU
		Release|Any CPU = Release|Any CPU
	EndGlobalSection
	GlobalSection(ProjectConfigurationPlatforms) = postSolution
		{92F2A0F3-4171-4FE4-96B6-A2D2D453A3F6}.Debug|Any CPU.ActiveCfg = Debug|Any CPU
		{92F2A0F3-4171-4FE4-96B6-A2D2D453A3F6}.Debug|Any CPU.Build.0 = Debug|Any CPU
		{92F2A0F3-4171-4FE4-96B6-A2D2D453A3F6}.Release|Any CPU.ActiveCfg = Release|Any CPU
		{92F2A0F3-4171-4FE4-96B6-A2D2D453A3F6}.Release|Any CPU.Build.0 = Release|Any CPU
	EndGlobalSection
	GlobalSection(SolutionProperties) = preSolution
		HideSolutionNode = FALSE
	EndGlobalSection
	GlobalSection(ExtensibilityGlobals) = postSolution
		SolutionGuid = {94BAD71A-E34A-4875-83C2-5BEF67263330}
	EndGlobalSection
EndGlobal
