
Microsoft Visual Studio Solution File, Format Version 12.00
# Visual Studio Version 17
VisualStudioVersion = 17.14.36221.1 d17.14
MinimumVisualStudioVersion = 10.0.40219.1
Project("{FAE04EC0-301F-11D3-BF4B-00C04F79EFBC}") = "FirstMVC", "FirstMVC\FirstMVC.csproj", "{39648ECA-BD2D-4F41-85AA-8D76E55F1C0E}"
EndProject
Global
	GlobalSection(SolutionConfigurationPlatforms) = preSolution
		Debug|Any CPU = Debug|Any CPU
		Release|Any CPU = Release|Any CPU
	EndGlobalSection
	GlobalSection(ProjectConfigurationPlatforms) = postSolution
		{39648ECA-BD2D-4F41-85AA-8D76E55F1C0E}.Debug|Any CPU.ActiveCfg = Debug|Any CPU
		{39648ECA-BD2D-4F41-85AA-8D76E55F1C0E}.Debug|Any CPU.Build.0 = Debug|Any CPU
		{39648ECA-BD2D-4F41-85AA-8D76E55F1C0E}.Release|Any CPU.ActiveCfg = Release|Any CPU
		{39648ECA-BD2D-4F41-85AA-8D76E55F1C0E}.Release|Any CPU.Build.0 = Release|Any CPU
	EndGlobalSection
	GlobalSection(SolutionProperties) = preSolution
		HideSolutionNode = FALSE
	EndGlobalSection
	GlobalSection(ExtensibilityGlobals) = postSolution
		SolutionGuid = {9617218C-E9B6-4BA4-8D76-AD4916DF673E}
	EndGlobalSection
EndGlobal
