
Microsoft Visual Studio Solution File, Format Version 12.00
# Visual Studio Version 17
VisualStudioVersion = 17.14.36310.24 d17.14
MinimumVisualStudioVersion = 10.0.40219.1
Project("{FAE04EC0-301F-11D3-BF4B-00C04F79EFBC}") = "GerenciadorDeProjetos", "GerenciadorDeProjetos\GerenciadorDeProjetos.csproj", "{F059A8CC-4BA4-4F8F-9D77-6156258FDC41}"
EndProject
Project("{FAE04EC0-301F-11D3-BF4B-00C04F79EFBC}") = "GerenciadorDeProjetos.test", "GerenciadorDeProjetos.test\GerenciadorDeProjetos.test.csproj", "{C133B870-A910-4A42-8709-883BEA87CA73}"
EndProject
Global
	GlobalSection(SolutionConfigurationPlatforms) = preSolution
		Debug|Any CPU = Debug|Any CPU
		Release|Any CPU = Release|Any CPU
	EndGlobalSection
	GlobalSection(ProjectConfigurationPlatforms) = postSolution
		{F059A8CC-4BA4-4F8F-9D77-6156258FDC41}.Debug|Any CPU.ActiveCfg = Debug|Any CPU
		{F059A8CC-4BA4-4F8F-9D77-6156258FDC41}.Debug|Any CPU.Build.0 = Debug|Any CPU
		{F059A8CC-4BA4-4F8F-9D77-6156258FDC41}.Release|Any CPU.ActiveCfg = Release|Any CPU
		{F059A8CC-4BA4-4F8F-9D77-6156258FDC41}.Release|Any CPU.Build.0 = Release|Any CPU
		{C133B870-A910-4A42-8709-883BEA87CA73}.Debug|Any CPU.ActiveCfg = Debug|Any CPU
		{C133B870-A910-4A42-8709-883BEA87CA73}.Debug|Any CPU.Build.0 = Debug|Any CPU
		{C133B870-A910-4A42-8709-883BEA87CA73}.Release|Any CPU.ActiveCfg = Release|Any CPU
		{C133B870-A910-4A42-8709-883BEA87CA73}.Release|Any CPU.Build.0 = Release|Any CPU
	EndGlobalSection
	GlobalSection(SolutionProperties) = preSolution
		HideSolutionNode = FALSE
	EndGlobalSection
	GlobalSection(ExtensibilityGlobals) = postSolution
		SolutionGuid = {43238F60-21A6-48FB-8D94-9D0887631CAB}
	EndGlobalSection
EndGlobal
